// !$*UTF8*$!
{
	archiveVersion = 1;
	classes = {
	};
	objectVersion = 46;
	objects = {

/* Begin PBXBuildFile section */
		5C54B10D1A1EF900003B3030 /* main.m in Sources */ = {isa = PBXBuildFile; fileRef = 5C54B10C1A1EF900003B3030 /* main.m */; };
		5C54B1101A1EF900003B3030 /* AppDelegate.m in Sources */ = {isa = PBXBuildFile; fileRef = 5C54B10F1A1EF900003B3030 /* AppDelegate.m */; };
		5C54B1131A1EF900003B3030 /* ViewController.m in Sources */ = {isa = PBXBuildFile; fileRef = 5C54B1121A1EF900003B3030 /* ViewController.m */; };
		5C54B1161A1EF900003B3030 /* Main.storyboard in Resources */ = {isa = PBXBuildFile; fileRef = 5C54B1141A1EF900003B3030 /* Main.storyboard */; };
		5C54B1181A1EF900003B3030 /* Images.xcassets in Resources */ = {isa = PBXBuildFile; fileRef = 5C54B1171A1EF900003B3030 /* Images.xcassets */; };
		5C54B11B1A1EF900003B3030 /* LaunchScreen.xib in Resources */ = {isa = PBXBuildFile; fileRef = 5C54B1191A1EF900003B3030 /* LaunchScreen.xib */; };
		5C54B1321A1EF928003B3030 /* ImageIO.framework in Frameworks */ = {isa = PBXBuildFile; fileRef = 5C54B1311A1EF928003B3030 /* ImageIO.framework */; };
		5C54B1341A1EF92D003B3030 /* Security.framework in Frameworks */ = {isa = PBXBuildFile; fileRef = 5C54B1331A1EF92D003B3030 /* Security.framework */; };
		5C54B1361A1EF932003B3030 /* libz.dylib in Frameworks */ = {isa = PBXBuildFile; fileRef = 5C54B1351A1EF932003B3030 /* libz.dylib */; };
/* End PBXBuildFile section */

/* Begin PBXFileReference section */
		5C54B1071A1EF900003B3030 /* ExtSDK.app */ = {isa = PBXFileReference; explicitFileType = wrapper.application; includeInIndex = 0; path = ExtSDK.app; sourceTree = BUILT_PRODUCTS_DIR; };
		5C54B10B1A1EF900003B3030 /* Info.plist */ = {isa = PBXFileReference; lastKnownFileType = text.plist.xml; path = Info.plist; sourceTree = "<group>"; };
		5C54B10C1A1EF900003B3030 /* main.m */ = {isa = PBXFileReference; lastKnownFileType = sourcecode.c.objc; path = main.m; sourceTree = "<group>"; };
		5C54B10E1A1EF900003B3030 /* AppDelegate.h */ = {isa = PBXFileReference; lastKnownFileType = sourcecode.c.h; path = AppDelegate.h; sourceTree = "<group>"; };
		5C54B10F1A1EF900003B3030 /* AppDelegate.m */ = {isa = PBXFileReference; lastKnownFileType = sourcecode.c.objc; path = AppDelegate.m; sourceTree = "<group>"; };
		5C54B1111A1EF900003B3030 /* ViewController.h */ = {isa = PBXFileReference; lastKnownFileType = sourcecode.c.h; path = ViewController.h; sourceTree = "<group>"; };
		5C54B1121A1EF900003B3030 /* ViewController.m */ = {isa = PBXFileReference; lastKnownFileType = sourcecode.c.objc; path = ViewController.m; sourceTree = "<group>"; };
		5C54B1151A1EF900003B3030 /* Base */ = {isa = PBXFileReference; lastKnownFileType = file.storyboard; name = Base; path = Base.lproj/Main.storyboard; sourceTree = "<group>"; };
		5C54B1171A1EF900003B3030 /* Images.xcassets */ = {isa = PBXFileReference; lastKnownFileType = folder.assetcatalog; path = Images.xcassets; sourceTree = "<group>"; };
		5C54B11A1A1EF900003B3030 /* Base */ = {isa = PBXFileReference; lastKnownFileType = file.xib; name = Base; path = Base.lproj/LaunchScreen.xib; sourceTree = "<group>"; };
		5C54B1311A1EF928003B3030 /* ImageIO.framework */ = {isa = PBXFileReference; lastKnownFileType = wrapper.framework; name = ImageIO.framework; path = System/Library/Frameworks/ImageIO.framework; sourceTree = SDKROOT; };
		5C54B1331A1EF92D003B3030 /* Security.framework */ = {isa = PBXFileReference; lastKnownFileType = wrapper.framework; name = Security.framework; path = System/Library/Frameworks/Security.framework; sourceTree = SDKROOT; };
		5C54B1351A1EF932003B3030 /* libz.dylib */ = {isa = PBXFileReference; lastKnownFileType = "compiled.mach-o.dylib"; name = libz.dylib; path = usr/lib/libz.dylib; sourceTree = SDKROOT; };
/* End PBXFileReference section */

/* Begin PBXFrameworksBuildPhase section */
		5C54B1041A1EF900003B3030 /* Frameworks */ = {
			isa = PBXFrameworksBuildPhase;
			buildActionMask = 2147483647;
			files = (
				5C54B1361A1EF932003B3030 /* libz.dylib in Frameworks */,
				5C54B1341A1EF92D003B3030 /* Security.framework in Frameworks */,
				5C54B1321A1EF928003B3030 /* ImageIO.framework in Frameworks */,
			);
			runOnlyForDeploymentPostprocessing = 0;
		};
/* End PBXFrameworksBuildPhase section */

/* Begin PBXGroup section */
		5C54B0FE1A1EF900003B3030 = {
			isa = PBXGroup;
			children = (
				5C54B1091A1EF900003B3030 /* ExtSDK */,
				5C54B1301A1EF919003B3030 /* Frameworks */,
				5C54B1081A1EF900003B3030 /* Products */,
			);
			sourceTree = "<group>";
		};
		5C54B1081A1EF900003B3030 /* Products */ = {
			isa = PBXGroup;
			children = (
				5C54B1071A1EF900003B3030 /* ExtSDK.app */,
			);
			name = Products;
			sourceTree = "<group>";
		};
		5C54B1091A1EF900003B3030 /* ExtSDK */ = {
			isa = PBXGroup;
			children = (
				5C54B10E1A1EF900003B3030 /* AppDelegate.h */,
				5C54B10F1A1EF900003B3030 /* AppDelegate.m */,
				5C54B1111A1EF900003B3030 /* ViewController.h */,
				5C54B1121A1EF900003B3030 /* ViewController.m */,
				5C54B1141A1EF900003B3030 /* Main.storyboard */,
				5C54B1171A1EF900003B3030 /* Images.xcassets */,
				5C54B1191A1EF900003B3030 /* LaunchScreen.xib */,
				5C54B10A1A1EF900003B3030 /* Supporting Files */,
			);
			path = ExtSDK;
			sourceTree = "<group>";
		};
		5C54B10A1A1EF900003B3030 /* Supporting Files */ = {
			isa = PBXGroup;
			children = (
				5C54B10B1A1EF900003B3030 /* Info.plist */,
				5C54B10C1A1EF900003B3030 /* main.m */,
			);
			name = "Supporting Files";
			sourceTree = "<group>";
		};
		5C54B1301A1EF919003B3030 /* Frameworks */ = {
			isa = PBXGroup;
			children = (
				5C54B1351A1EF932003B3030 /* libz.dylib */,
				5C54B1331A1EF92D003B3030 /* Security.framework */,
				5C54B1311A1EF928003B3030 /* ImageIO.framework */,
			);
			name = Frameworks;
			sourceTree = "<group>";
		};
/* End PBXGroup section */

/* Begin PBXNativeTarget section */
		5C54B1061A1EF900003B3030 /* ExtSDK */ = {
			isa = PBXNativeTarget;
			buildConfigurationList = 5C54B12A1A1EF900003B3030 /* Build configuration list for PBXNativeTarget "ExtSDK" */;
			buildPhases = (
				5C54B1031A1EF900003B3030 /* Sources */,
				5C54B1041A1EF900003B3030 /* Frameworks */,
				5C54B1051A1EF900003B3030 /* Resources */,
			);
			buildRules = (
			);
			dependencies = (
			);
			name = ExtSDK;
			productName = ExtSDK;
			productReference = 5C54B1071A1EF900003B3030 /* ExtSDK.app */;
			productType = "com.apple.product-type.application";
		};
/* End PBXNativeTarget section */

/* Begin PBXProject section */
		5C54B0FF1A1EF900003B3030 /* Project object */ = {
			isa = PBXProject;
			attributes = {
				LastUpgradeCheck = 0610;
				ORGANIZATIONNAME = nextdj;
				TargetAttributes = {
					5C54B1061A1EF900003B3030 = {
						CreatedOnToolsVersion = 6.1;
					};
				};
			};
			buildConfigurationList = 5C54B1021A1EF900003B3030 /* Build configuration list for PBXProject "ExtSDK" */;
			compatibilityVersion = "Xcode 3.2";
			developmentRegion = English;
			hasScannedForEncodings = 0;
			knownRegions = (
				en,
				Base,
			);
			mainGroup = 5C54B0FE1A1EF900003B3030;
			productRefGroup = 5C54B1081A1EF900003B3030 /* Products */;
			projectDirPath = "";
			projectRoot = "";
			targets = (
				5C54B1061A1EF900003B3030 /* ExtSDK */,
			);
		};
/* End PBXProject section */

/* Begin PBXResourcesBuildPhase section */
		5C54B1051A1EF900003B3030 /* Resources */ = {
			isa = PBXResourcesBuildPhase;
			buildActionMask = 2147483647;
			files = (
				5C54B1161A1EF900003B3030 /* Main.storyboard in Resources */,
				5C54B11B1A1EF900003B3030 /* LaunchScreen.xib in Resources */,
				5C54B1181A1EF900003B3030 /* Images.xcassets in Resources */,
			);
			runOnlyForDeploymentPostprocessing = 0;
		};
/* End PBXResourcesBuildPhase section */

/* Begin PBXSourcesBuildPhase section */
		5C54B1031A1EF900003B3030 /* Sources */ = {
			isa = PBXSourcesBuildPhase;
			buildActionMask = 2147483647;
			files = (
				5C54B1131A1EF900003B3030 /* ViewController.m in Sources */,
				5C54B1101A1EF900003B3030 /* AppDelegate.m in Sources */,
				5C54B10D1A1EF900003B3030 /* main.m in Sources */,
			);
			runOnlyForDeploymentPostprocessing = 0;
		};
/* End PBXSourcesBuildPhase section */

/* Begin PBXVariantGroup section */
		5C54B1141A1EF900003B3030 /* Main.storyboard */ = {
			isa = PBXVariantGroup;
			children = (
				5C54B1151A1EF900003B3030 /* Base */,
			);
			name = Main.storyboard;
			sourceTree = "<group>";
		};
		5C54B1191A1EF900003B3030 /* LaunchScreen.xib */ = {
			isa = PBXVariantGroup;
			children = (
				5C54B11A1A1EF900003B3030 /* Base */,
			);
			name = LaunchScreen.xib;
			sourceTree = "<group>";
		};
/* End PBXVariantGroup section */

/* Begin XCBuildConfiguration section */
		5C54B1281A1EF900003B3030 /* Debug */ = {
			isa = XCBuildConfiguration;
			buildSettings = {
				ALWAYS_SEARCH_USER_PATHS = NO;
				CLANG_CXX_LANGUAGE_STANDARD = "gnu++0x";
				CLANG_CXX_LIBRARY = "libc++";
				CLANG_ENABLE_MODULES = YES;
				CLANG_ENABLE_OBJC_ARC = YES;
				CLANG_WARN_BOOL_CONVERSION = YES;
				CLANG_WARN_CONSTANT_CONVERSION = YES;
				CLANG_WARN_DIRECT_OBJC_ISA_USAGE = YES_ERROR;
				CLANG_WARN_EMPTY_BODY = YES;
				CLANG_WARN_ENUM_CONVERSION = YES;
				CLANG_WARN_INT_CONVERSION = YES;
				CLANG_WARN_OBJC_ROOT_CLASS = YES_ERROR;
				CLANG_WARN_UNREACHABLE_CODE = YES;
				CLANG_WARN__DUPLICATE_METHOD_MATCH = YES;
				"CODE_SIGN_IDENTITY[sdk=iphoneos*]" = "iPhone Developer";
				COPY_PHASE_STRIP = NO;
				ENABLE_STRICT_OBJC_MSGSEND = YES;
				GCC_C_LANGUAGE_STANDARD = gnu99;
				GCC_DYNAMIC_NO_PIC = NO;
				GCC_OPTIMIZATION_LEVEL = 0;
				GCC_PREPROCESSOR_DEFINITIONS = (
					"DEBUG=1",
					"$(inherited)",
				);
				GCC_SYMBOLS_PRIVATE_EXTERN = NO;
				GCC_WARN_64_TO_32_BIT_CONVERSION = YES;
				GCC_WARN_ABOUT_RETURN_TYPE = YES_ERROR;
				GCC_WARN_UNDECLARED_SELECTOR = YES;
				GCC_WARN_UNINITIALIZED_AUTOS = YES_AGGRESSIVE;
				GCC_WARN_UNUSED_FUNCTION = YES;
				GCC_WARN_UNUSED_VARIABLE = YES;
				IPHONEOS_DEPLOYMENT_TARGET = 8.1;
				MTL_ENABLE_DEBUG_INFO = YES;
				ONLY_ACTIVE_ARCH = YES;
				SDKROOT = iphoneos;
				TARGETED_DEVICE_FAMILY = "1,2";
			};
			name = Debug;
		};
		5C54B1291A1EF900003B3030 /* Release */ = {
			isa = XCBuildConfiguration;
			buildSettings = {
				ALWAYS_SEARCH_USER_PATHS = NO;
				CLANG_CXX_LANGUAGE_STANDARD = "gnu++0x";
				CLANG_CXX_LIBRARY = "libc++";
				CLANG_ENABLE_MODULES = YES;
				CLANG_ENABLE_OBJC_ARC = YES;
				CLANG_WARN_BOOL_CONVERSION = YES;
				CLANG_WARN_CONSTANT_CONVERSION = YES;
				CLANG_WARN_DIRECT_OBJC_ISA_USAGE = YES_ERROR;
				CLANG_WARN_EMPTY_BODY = YES;
				CLANG_WARN_ENUM_CONVERSION = YES;
				CLANG_WARN_INT_CONVERSION = YES;
				CLANG_WARN_OBJC_ROOT_CLASS = YES_ERROR;
				CLANG_WARN_UNREACHABLE_CODE = YES;
				CLANG_WARN__DUPLICATE_METHOD_MATCH = YES;
				"CODE_SIGN_IDENTITY[sdk=iphoneos*]" = "iPhone Developer";
				COPY_PHASE_STRIP = YES;
				ENABLE_NS_ASSERTIONS = NO;
				ENABLE_STRICT_OBJC_MSGSEND = YES;
				GCC_C_LANGUAGE_STANDARD = gnu99;
				GCC_WARN_64_TO_32_BIT_CONVERSION = YES;
				GCC_WARN_ABOUT_RETURN_TYPE = YES_ERROR;
				GCC_WARN_UNDECLARED_SELECTOR = YES;
				GCC_WARN_UNINITIALIZED_AUTOS = YES_AGGRESSIVE;
				GCC_WARN_UNUSED_FUNCTION = YES;
				GCC_WARN_UNUSED_VARIABLE = YES;
				IPHONEOS_DEPLOYMENT_TARGET = 8.1;
				MTL_ENABLE_DEBUG_INFO = NO;
				SDKROOT = iphoneos;
				TARGETED_DEVICE_FAMILY = "1,2";
				VALIDATE_PRODUCT = YES;
			};
			name = Release;
		};
		5C54B12B1A1EF900003B3030 /* Debug */ = {
			isa = XCBuildConfiguration;
			buildSettings = {
				ASSETCATALOG_COMPILER_APPICON_NAME = AppIcon;
				INFOPLIST_FILE = ExtSDK/Info.plist;
				LD_RUNPATH_SEARCH_PATHS = "$(inherited) @executable_path/Frameworks";
				PRODUCT_NAME = "$(TARGET_NAME)";
			};
			name = Debug;
		};
		5C54B12C1A1EF900003B3030 /* Release */ = {
			isa = XCBuildConfiguration;
			buildSettings = {
				ASSETCATALOG_COMPILER_APPICON_NAME = AppIcon;
				INFOPLIST_FILE = ExtSDK/Info.plist;
				LD_RUNPATH_SEARCH_PATHS = "$(inherited) @executable_path/Frameworks";
				PRODUCT_NAME = "$(TARGET_NAME)";
			};
			name = Release;
		};
/* End XCBuildConfiguration section */

/* Begin XCConfigurationList section */
		5C54B1021A1EF900003B3030 /* Build configuration list for PBXProject "ExtSDK" */ = {
			isa = XCConfigurationList;
			buildConfigurations = (
				5C54B1281A1EF900003B3030 /* Debug */,
				5C54B1291A1EF900003B3030 /* Release */,
			);
			defaultConfigurationIsVisible = 0;
			defaultConfigurationName = Release;
		};
		5C54B12A1A1EF900003B3030 /* Build configuration list for PBXNativeTarget "ExtSDK" */ = {
			isa = XCConfigurationList;
			buildConfigurations = (
				5C54B12B1A1EF900003B3030 /* Debug */,
				5C54B12C1A1EF900003B3030 /* Release */,
			);
			defaultConfigurationIsVisible = 0;
		};
/* End XCConfigurationList section */
	};
	rootObject = 5C54B0FF1A1EF900003B3030 /* Project object */;
}
